// !$*UTF8*$!
{
	archiveVersion = 1;
	classes = {
	};
	objectVersion = 56;
	objects = {

/* Begin PBXBuildFile section */
		D67A537E2A84BF5A00C0AD2D /* MarkCell.swift in Sources */ = {isa = PBXBuildFile; fileRef = D67A537D2A84BF5A00C0AD2D /* MarkCell.swift */; };
		D67A53812A84DDAB00C0AD2D /* TodoRepository.swift in Sources */ = {isa = PBXBuildFile; fileRef = D67A53802A84DDAB00C0AD2D /* TodoRepository.swift */; };
		D67A53892A84E44900C0AD2D /* ToDoCell.swift in Sources */ = {isa = PBXBuildFile; fileRef = D67A53882A84E44900C0AD2D /* ToDoCell.swift */; };
		D67A538B2A85425400C0AD2D /* OptionCell.swift in Sources */ = {isa = PBXBuildFile; fileRef = D67A538A2A85425400C0AD2D /* OptionCell.swift */; };
		D67A538D2A8542C600C0AD2D /* OptionView.swift in Sources */ = {isa = PBXBuildFile; fileRef = D67A538C2A8542C600C0AD2D /* OptionView.swift */; };
		D67A538F2A85E38D00C0AD2D /* Date+Ext.swift in Sources */ = {isa = PBXBuildFile; fileRef = D67A538E2A85E38D00C0AD2D /* Date+Ext.swift */; };
		D67A53912A86258400C0AD2D /* SectionService.swift in Sources */ = {isa = PBXBuildFile; fileRef = D67A53902A86258400C0AD2D /* SectionService.swift */; };
		D67A53932A86265200C0AD2D /* ItemService.swift in Sources */ = {isa = PBXBuildFile; fileRef = D67A53922A86265200C0AD2D /* ItemService.swift */; };
		D67A53972A868E1B00C0AD2D /* Calendar+Ext.swift in Sources */ = {isa = PBXBuildFile; fileRef = D67A53962A868E1B00C0AD2D /* Calendar+Ext.swift */; };
		D6804ECB2A88BC4800F23E15 /* NSAttributedString+Ext.swift in Sources */ = {isa = PBXBuildFile; fileRef = D6804ECA2A88BC4800F23E15 /* NSAttributedString+Ext.swift */; };
		D6804ECE2A890BE600F23E15 /* UserDefaultService.swift in Sources */ = {isa = PBXBuildFile; fileRef = D6804ECD2A890BE600F23E15 /* UserDefaultService.swift */; };
		D6804EF42A8A14E200F23E15 /* PersistentManager.swift in Sources */ = {isa = PBXBuildFile; fileRef = D6804EF32A8A14E200F23E15 /* PersistentManager.swift */; };
		D6804EF72A8A153C00F23E15 /* Errors.swift in Sources */ = {isa = PBXBuildFile; fileRef = D6804EF62A8A153C00F23E15 /* Errors.swift */; };
		D6EEC3032A849BC800DA751C /* AppDelegate.swift in Sources */ = {isa = PBXBuildFile; fileRef = D6EEC3022A849BC800DA751C /* AppDelegate.swift */; };
		D6EEC3052A849BC800DA751C /* SceneDelegate.swift in Sources */ = {isa = PBXBuildFile; fileRef = D6EEC3042A849BC800DA751C /* SceneDelegate.swift */; };
		D6EEC30C2A849BCA00DA751C /* Assets.xcassets in Resources */ = {isa = PBXBuildFile; fileRef = D6EEC30B2A849BCA00DA751C /* Assets.xcassets */; };
		D6EEC30F2A849BCA00DA751C /* LaunchScreen.storyboard in Resources */ = {isa = PBXBuildFile; fileRef = D6EEC30D2A849BCA00DA751C /* LaunchScreen.storyboard */; };
		D6EEC3182A849C5100DA751C /* MainVC.swift in Sources */ = {isa = PBXBuildFile; fileRef = D6EEC3172A849C5000DA751C /* MainVC.swift */; };
		D6EEC31A2A849C6100DA751C /* DoneVC.swift in Sources */ = {isa = PBXBuildFile; fileRef = D6EEC3192A849C6100DA751C /* DoneVC.swift */; };
		D6EEC31C2A849C7200DA751C /* ToDoVC.swift in Sources */ = {isa = PBXBuildFile; fileRef = D6EEC31B2A849C7200DA751C /* ToDoVC.swift */; };
		D6EEC31F2A849CB700DA751C /* ToDo.swift in Sources */ = {isa = PBXBuildFile; fileRef = D6EEC31E2A849CB700DA751C /* ToDo.swift */; };
		D6F09E3E2AA19D26002E87D5 /* ImageNetworkService.swift in Sources */ = {isa = PBXBuildFile; fileRef = D6F09E3D2AA19D26002E87D5 /* ImageNetworkService.swift */; };
/* End PBXBuildFile section */

/* Begin PBXFileReference section */
		D67A537D2A84BF5A00C0AD2D /* MarkCell.swift */ = {isa = PBXFileReference; lastKnownFileType = sourcecode.swift; path = MarkCell.swift; sourceTree = "<group>"; };
		D67A53802A84DDAB00C0AD2D /* TodoRepository.swift */ = {isa = PBXFileReference; lastKnownFileType = sourcecode.swift; path = TodoRepository.swift; sourceTree = "<group>"; };
		D67A53882A84E44900C0AD2D /* ToDoCell.swift */ = {isa = PBXFileReference; lastKnownFileType = sourcecode.swift; path = ToDoCell.swift; sourceTree = "<group>"; };
		D67A538A2A85425400C0AD2D /* OptionCell.swift */ = {isa = PBXFileReference; lastKnownFileType = sourcecode.swift; path = OptionCell.swift; sourceTree = "<group>"; };
		D67A538C2A8542C600C0AD2D /* OptionView.swift */ = {isa = PBXFileReference; lastKnownFileType = sourcecode.swift; path = OptionView.swift; sourceTree = "<group>"; };
		D67A538E2A85E38D00C0AD2D /* Date+Ext.swift */ = {isa = PBXFileReference; lastKnownFileType = sourcecode.swift; path = "Date+Ext.swift"; sourceTree = "<group>"; };
		D67A53902A86258400C0AD2D /* SectionService.swift */ = {isa = PBXFileReference; lastKnownFileType = sourcecode.swift; path = SectionService.swift; sourceTree = "<group>"; };
		D67A53922A86265200C0AD2D /* ItemService.swift */ = {isa = PBXFileReference; lastKnownFileType = sourcecode.swift; path = ItemService.swift; sourceTree = "<group>"; };
		D67A53962A868E1B00C0AD2D /* Calendar+Ext.swift */ = {isa = PBXFileReference; lastKnownFileType = sourcecode.swift; path = "Calendar+Ext.swift"; sourceTree = "<group>"; };
		D6804ECA2A88BC4800F23E15 /* NSAttributedString+Ext.swift */ = {isa = PBXFileReference; lastKnownFileType = sourcecode.swift; path = "NSAttributedString+Ext.swift"; sourceTree = "<group>"; };
		D6804ECD2A890BE600F23E15 /* UserDefaultService.swift */ = {isa = PBXFileReference; lastKnownFileType = sourcecode.swift; path = UserDefaultService.swift; sourceTree = "<group>"; };
		D6804EF32A8A14E200F23E15 /* PersistentManager.swift */ = {isa = PBXFileReference; lastKnownFileType = sourcecode.swift; path = PersistentManager.swift; sourceTree = "<group>"; };
		D6804EF62A8A153C00F23E15 /* Errors.swift */ = {isa = PBXFileReference; lastKnownFileType = sourcecode.swift; path = Errors.swift; sourceTree = "<group>"; };
		D6EEC2FF2A849BC800DA751C /* ToDoProject.app */ = {isa = PBXFileReference; explicitFileType = wrapper.application; includeInIndex = 0; path = ToDoProject.app; sourceTree = BUILT_PRODUCTS_DIR; };
		D6EEC3022A849BC800DA751C /* AppDelegate.swift */ = {isa = PBXFileReference; lastKnownFileType = sourcecode.swift; path = AppDelegate.swift; sourceTree = "<group>"; };
		D6EEC3042A849BC800DA751C /* SceneDelegate.swift */ = {isa = PBXFileReference; lastKnownFileType = sourcecode.swift; path = SceneDelegate.swift; sourceTree = "<group>"; };
		D6EEC30B2A849BCA00DA751C /* Assets.xcassets */ = {isa = PBXFileReference; lastKnownFileType = folder.assetcatalog; path = Assets.xcassets; sourceTree = "<group>"; };
		D6EEC30E2A849BCA00DA751C /* Base */ = {isa = PBXFileReference; lastKnownFileType = file.storyboard; name = Base; path = Base.lproj/LaunchScreen.storyboard; sourceTree = "<group>"; };
		D6EEC3102A849BCA00DA751C /* Info.plist */ = {isa = PBXFileReference; lastKnownFileType = text.plist.xml; path = Info.plist; sourceTree = "<group>"; };
		D6EEC3172A849C5000DA751C /* MainVC.swift */ = {isa = PBXFileReference; lastKnownFileType = sourcecode.swift; path = MainVC.swift; sourceTree = "<group>"; };
		D6EEC3192A849C6100DA751C /* DoneVC.swift */ = {isa = PBXFileReference; lastKnownFileType = sourcecode.swift; path = DoneVC.swift; sourceTree = "<group>"; };
		D6EEC31B2A849C7200DA751C /* ToDoVC.swift */ = {isa = PBXFileReference; lastKnownFileType = sourcecode.swift; path = ToDoVC.swift; sourceTree = "<group>"; };
		D6EEC31E2A849CB700DA751C /* ToDo.swift */ = {isa = PBXFileReference; lastKnownFileType = sourcecode.swift; path = ToDo.swift; sourceTree = "<group>"; };
		D6F09E3D2AA19D26002E87D5 /* ImageNetworkService.swift */ = {isa = PBXFileReference; lastKnownFileType = sourcecode.swift; path = ImageNetworkService.swift; sourceTree = "<group>"; };
/* End PBXFileReference section */

/* Begin PBXFrameworksBuildPhase section */
		D6EEC2FC2A849BC800DA751C /* Frameworks */ = {
			isa = PBXFrameworksBuildPhase;
			buildActionMask = 2147483647;
			files = (
			);
			runOnlyForDeploymentPostprocessing = 0;
		};
/* End PBXFrameworksBuildPhase section */

/* Begin PBXGroup section */
		D67A537A2A84BBF700C0AD2D /* Cells */ = {
			isa = PBXGroup;
			children = (
				D67A537D2A84BF5A00C0AD2D /* MarkCell.swift */,
				D67A53882A84E44900C0AD2D /* ToDoCell.swift */,
				D67A538A2A85425400C0AD2D /* OptionCell.swift */,
			);
			path = Cells;
			sourceTree = "<group>";
		};
		D67A537F2A84DD7800C0AD2D /* Repositories */ = {
			isa = PBXGroup;
			children = (
				D67A53802A84DDAB00C0AD2D /* TodoRepository.swift */,
			);
			path = Repositories;
			sourceTree = "<group>";
		};
		D67A53822A84DE1200C0AD2D /* Services */ = {
			isa = PBXGroup;
			children = (
				D6804EF22A8A14D000F23E15 /* Protocols */,
				D67A53902A86258400C0AD2D /* SectionService.swift */,
				D67A53922A86265200C0AD2D /* ItemService.swift */,
				D6804ECD2A890BE600F23E15 /* UserDefaultService.swift */,
				D6F09E3D2AA19D26002E87D5 /* ImageNetworkService.swift */,
			);
			path = Services;
			sourceTree = "<group>";
		};
		D67A53852A84E2C300C0AD2D /* Extensions */ = {
			isa = PBXGroup;
			children = (
				D67A538E2A85E38D00C0AD2D /* Date+Ext.swift */,
				D67A53962A868E1B00C0AD2D /* Calendar+Ext.swift */,
				D6804ECA2A88BC4800F23E15 /* NSAttributedString+Ext.swift */,
			);
			path = Extensions;
			sourceTree = "<group>";
		};
		D6804ECC2A88C58400F23E15 /* Custom Views */ = {
			isa = PBXGroup;
			children = (
				D67A538C2A8542C600C0AD2D /* OptionView.swift */,
			);
			path = "Custom Views";
			sourceTree = "<group>";
		};
		D6804EF22A8A14D000F23E15 /* Protocols */ = {
			isa = PBXGroup;
			children = (
				D6804EF32A8A14E200F23E15 /* PersistentManager.swift */,
			);
			path = Protocols;
			sourceTree = "<group>";
		};
		D6804EF52A8A152600F23E15 /* Errors */ = {
			isa = PBXGroup;
			children = (
				D6804EF62A8A153C00F23E15 /* Errors.swift */,
			);
			path = Errors;
			sourceTree = "<group>";
		};
		D6EEC2F62A849BC700DA751C = {
			isa = PBXGroup;
			children = (
				D6EEC3012A849BC800DA751C /* ToDoProject */,
				D6EEC3002A849BC800DA751C /* Products */,
			);
			sourceTree = "<group>";
		};
		D6EEC3002A849BC800DA751C /* Products */ = {
			isa = PBXGroup;
			children = (
				D6EEC2FF2A849BC800DA751C /* ToDoProject.app */,
			);
			name = Products;
			sourceTree = "<group>";
		};
		D6EEC3012A849BC800DA751C /* ToDoProject */ = {
			isa = PBXGroup;
			children = (
				D6804EF52A8A152600F23E15 /* Errors */,
				D6804ECC2A88C58400F23E15 /* Custom Views */,
				D67A53852A84E2C300C0AD2D /* Extensions */,
				D67A53822A84DE1200C0AD2D /* Services */,
				D67A537A2A84BBF700C0AD2D /* Cells */,
				D6EEC31D2A849C7C00DA751C /* Models */,
				D6EEC3162A849C3300DA751C /* Screens */,
				D67A537F2A84DD7800C0AD2D /* Repositories */,
				D6EEC3202A849DFE00DA751C /* Support */,
				D6EEC30B2A849BCA00DA751C /* Assets.xcassets */,
				D6EEC30D2A849BCA00DA751C /* LaunchScreen.storyboard */,
				D6EEC3102A849BCA00DA751C /* Info.plist */,
			);
			path = ToDoProject;
			sourceTree = "<group>";
		};
		D6EEC3162A849C3300DA751C /* Screens */ = {
			isa = PBXGroup;
			children = (
				D6EEC3172A849C5000DA751C /* MainVC.swift */,
				D6EEC31B2A849C7200DA751C /* ToDoVC.swift */,
				D6EEC3192A849C6100DA751C /* DoneVC.swift */,
			);
			path = Screens;
			sourceTree = "<group>";
		};
		D6EEC31D2A849C7C00DA751C /* Models */ = {
			isa = PBXGroup;
			children = (
				D6EEC31E2A849CB700DA751C /* ToDo.swift */,
			);
			path = Models;
			sourceTree = "<group>";
		};
		D6EEC3202A849DFE00DA751C /* Support */ = {
			isa = PBXGroup;
			children = (
				D6EEC3022A849BC800DA751C /* AppDelegate.swift */,
				D6EEC3042A849BC800DA751C /* SceneDelegate.swift */,
			);
			path = Support;
			sourceTree = "<group>";
		};
/* End PBXGroup section */

/* Begin PBXNativeTarget section */
		D6EEC2FE2A849BC800DA751C /* ToDoProject */ = {
			isa = PBXNativeTarget;
			buildConfigurationList = D6EEC3132A849BCA00DA751C /* Build configuration list for PBXNativeTarget "ToDoProject" */;
			buildPhases = (
				D6EEC2FB2A849BC800DA751C /* Sources */,
				D6EEC2FC2A849BC800DA751C /* Frameworks */,
				D6EEC2FD2A849BC800DA751C /* Resources */,
			);
			buildRules = (
			);
			dependencies = (
			);
			name = ToDoProject;
			productName = ToDoProject;
			productReference = D6EEC2FF2A849BC800DA751C /* ToDoProject.app */;
			productType = "com.apple.product-type.application";
		};
/* End PBXNativeTarget section */

/* Begin PBXProject section */
		D6EEC2F72A849BC800DA751C /* Project object */ = {
			isa = PBXProject;
			attributes = {
				BuildIndependentTargetsInParallel = 1;
				LastSwiftUpdateCheck = 1430;
				LastUpgradeCheck = 1430;
				TargetAttributes = {
					D6EEC2FE2A849BC800DA751C = {
						CreatedOnToolsVersion = 14.3.1;
					};
				};
			};
			buildConfigurationList = D6EEC2FA2A849BC800DA751C /* Build configuration list for PBXProject "ToDoProject" */;
			compatibilityVersion = "Xcode 14.0";
			developmentRegion = en;
			hasScannedForEncodings = 0;
			knownRegions = (
				en,
				Base,
			);
			mainGroup = D6EEC2F62A849BC700DA751C;
			productRefGroup = D6EEC3002A849BC800DA751C /* Products */;
			projectDirPath = "";
			projectRoot = "";
			targets = (
				D6EEC2FE2A849BC800DA751C /* ToDoProject */,
			);
		};
/* End PBXProject section */

/* Begin PBXResourcesBuildPhase section */
		D6EEC2FD2A849BC800DA751C /* Resources */ = {
			isa = PBXResourcesBuildPhase;
			buildActionMask = 2147483647;
			files = (
				D6EEC30F2A849BCA00DA751C /* LaunchScreen.storyboard in Resources */,
				D6EEC30C2A849BCA00DA751C /* Assets.xcassets in Resources */,
			);
			runOnlyForDeploymentPostprocessing = 0;
		};
/* End PBXResourcesBuildPhase section */

/* Begin PBXSourcesBuildPhase section */
		D6EEC2FB2A849BC800DA751C /* Sources */ = {
			isa = PBXSourcesBuildPhase;
			buildActionMask = 2147483647;
			files = (
				D6804ECE2A890BE600F23E15 /* UserDefaultService.swift in Sources */,
				D6EEC3032A849BC800DA751C /* AppDelegate.swift in Sources */,
				D6EEC3182A849C5100DA751C /* MainVC.swift in Sources */,
				D6804ECB2A88BC4800F23E15 /* NSAttributedString+Ext.swift in Sources */,
				D67A538B2A85425400C0AD2D /* OptionCell.swift in Sources */,
				D6EEC31A2A849C6100DA751C /* DoneVC.swift in Sources */,
				D67A53912A86258400C0AD2D /* SectionService.swift in Sources */,
				D6804EF72A8A153C00F23E15 /* Errors.swift in Sources */,
				D67A53932A86265200C0AD2D /* ItemService.swift in Sources */,
				D67A537E2A84BF5A00C0AD2D /* MarkCell.swift in Sources */,
				D6EEC31F2A849CB700DA751C /* ToDo.swift in Sources */,
				D6804EF42A8A14E200F23E15 /* PersistentManager.swift in Sources */,
				D67A538D2A8542C600C0AD2D /* OptionView.swift in Sources */,
				D6EEC31C2A849C7200DA751C /* ToDoVC.swift in Sources */,
				D6F09E3E2AA19D26002E87D5 /* ImageNetworkService.swift in Sources */,
				D67A538F2A85E38D00C0AD2D /* Date+Ext.swift in Sources */,
				D67A53892A84E44900C0AD2D /* ToDoCell.swift in Sources */,
				D67A53972A868E1B00C0AD2D /* Calendar+Ext.swift in Sources */,
				D6EEC3052A849BC800DA751C /* SceneDelegate.swift in Sources */,
				D67A53812A84DDAB00C0AD2D /* TodoRepository.swift in Sources */,
			);
			runOnlyForDeploymentPostprocessing = 0;
		};
/* End PBXSourcesBuildPhase section */

/* Begin PBXVariantGroup section */
		D6EEC30D2A849BCA00DA751C /* LaunchScreen.storyboard */ = {
			isa = PBXVariantGroup;
			children = (
				D6EEC30E2A849BCA00DA751C /* Base */,
			);
			name = LaunchScreen.storyboard;
			sourceTree = "<group>";
		};
/* End PBXVariantGroup section */

/* Begin XCBuildConfiguration section */
		D6EEC3112A849BCA00DA751C /* Debug */ = {
			isa = XCBuildConfiguration;
			buildSettings = {
				ALWAYS_SEARCH_USER_PATHS = NO;
				CLANG_ANALYZER_NONNULL = YES;
				CLANG_ANALYZER_NUMBER_OBJECT_CONVERSION = YES_AGGRESSIVE;
				CLANG_CXX_LANGUAGE_STANDARD = "gnu++20";
				CLANG_ENABLE_MODULES = YES;
				CLANG_ENABLE_OBJC_ARC = YES;
				CLANG_ENABLE_OBJC_WEAK = YES;
				CLANG_WARN_BLOCK_CAPTURE_AUTORELEASING = YES;
				CLANG_WARN_BOOL_CONVERSION = YES;
				CLANG_WARN_COMMA = YES;
				CLANG_WARN_CONSTANT_CONVERSION = YES;
				CLANG_WARN_DEPRECATED_OBJC_IMPLEMENTATIONS = YES;
				CLANG_WARN_DIRECT_OBJC_ISA_USAGE = YES_ERROR;
				CLANG_WARN_DOCUMENTATION_COMMENTS = YES;
				CLANG_WARN_EMPTY_BODY = YES;
				CLANG_WARN_ENUM_CONVERSION = YES;
				CLANG_WARN_INFINITE_RECURSION = YES;
				CLANG_WARN_INT_CONVERSION = YES;
				CLANG_WARN_NON_LITERAL_NULL_CONVERSION = YES;
				CLANG_WARN_OBJC_IMPLICIT_RETAIN_SELF = YES;
				CLANG_WARN_OBJC_LITERAL_CONVERSION = YES;
				CLANG_WARN_OBJC_ROOT_CLASS = YES_ERROR;
				CLANG_WARN_QUOTED_INCLUDE_IN_FRAMEWORK_HEADER = YES;
				CLANG_WARN_RANGE_LOOP_ANALYSIS = YES;
				CLANG_WARN_STRICT_PROTOTYPES = YES;
				CLANG_WARN_SUSPICIOUS_MOVE = YES;
				CLANG_WARN_UNGUARDED_AVAILABILITY = YES_AGGRESSIVE;
				CLANG_WARN_UNREACHABLE_CODE = YES;
				CLANG_WARN__DUPLICATE_METHOD_MATCH = YES;
				COPY_PHASE_STRIP = NO;
				DEBUG_INFORMATION_FORMAT = dwarf;
				ENABLE_STRICT_OBJC_MSGSEND = YES;
				ENABLE_TESTABILITY = YES;
				GCC_C_LANGUAGE_STANDARD = gnu11;
				GCC_DYNAMIC_NO_PIC = NO;
				GCC_NO_COMMON_BLOCKS = YES;
				GCC_OPTIMIZATION_LEVEL = 0;
				GCC_PREPROCESSOR_DEFINITIONS = (
					"DEBUG=1",
					"$(inherited)",
				);
				GCC_WARN_64_TO_32_BIT_CONVERSION = YES;
				GCC_WARN_ABOUT_RETURN_TYPE = YES_ERROR;
				GCC_WARN_UNDECLARED_SELECTOR = YES;
				GCC_WARN_UNINITIALIZED_AUTOS = YES_AGGRESSIVE;
				GCC_WARN_UNUSED_FUNCTION = YES;
				GCC_WARN_UNUSED_VARIABLE = YES;
				IPHONEOS_DEPLOYMENT_TARGET = 16.4;
				MTL_ENABLE_DEBUG_INFO = INCLUDE_SOURCE;
				MTL_FAST_MATH = YES;
				ONLY_ACTIVE_ARCH = YES;
				SDKROOT = iphoneos;
				SWIFT_ACTIVE_COMPILATION_CONDITIONS = DEBUG;
				SWIFT_OPTIMIZATION_LEVEL = "-Onone";
			};
			name = Debug;
		};
		D6EEC3122A849BCA00DA751C /* Release */ = {
			isa = XCBuildConfiguration;
			buildSettings = {
				ALWAYS_SEARCH_USER_PATHS = NO;
				CLANG_ANALYZER_NONNULL = YES;
				CLANG_ANALYZER_NUMBER_OBJECT_CONVERSION = YES_AGGRESSIVE;
				CLANG_CXX_LANGUAGE_STANDARD = "gnu++20";
				CLANG_ENABLE_MODULES = YES;
				CLANG_ENABLE_OBJC_ARC = YES;
				CLANG_ENABLE_OBJC_WEAK = YES;
				CLANG_WARN_BLOCK_CAPTURE_AUTORELEASING = YES;
				CLANG_WARN_BOOL_CONVERSION = YES;
				CLANG_WARN_COMMA = YES;
				CLANG_WARN_CONSTANT_CONVERSION = YES;
				CLANG_WARN_DEPRECATED_OBJC_IMPLEMENTATIONS = YES;
				CLANG_WARN_DIRECT_OBJC_ISA_USAGE = YES_ERROR;
				CLANG_WARN_DOCUMENTATION_COMMENTS = YES;
				CLANG_WARN_EMPTY_BODY = YES;
				CLANG_WARN_ENUM_CONVERSION = YES;
				CLANG_WARN_INFINITE_RECURSION = YES;
				CLANG_WARN_INT_CONVERSION = YES;
				CLANG_WARN_NON_LITERAL_NULL_CONVERSION = YES;
				CLANG_WARN_OBJC_IMPLICIT_RETAIN_SELF = YES;
				CLANG_WARN_OBJC_LITERAL_CONVERSION = YES;
				CLANG_WARN_OBJC_ROOT_CLASS = YES_ERROR;
				CLANG_WARN_QUOTED_INCLUDE_IN_FRAMEWORK_HEADER = YES;
				CLANG_WARN_RANGE_LOOP_ANALYSIS = YES;
				CLANG_WARN_STRICT_PROTOTYPES = YES;
				CLANG_WARN_SUSPICIOUS_MOVE = YES;
				CLANG_WARN_UNGUARDED_AVAILABILITY = YES_AGGRESSIVE;
				CLANG_WARN_UNREACHABLE_CODE = YES;
				CLANG_WARN__DUPLICATE_METHOD_MATCH = YES;
				COPY_PHASE_STRIP = NO;
				DEBUG_INFORMATION_FORMAT = "dwarf-with-dsym";
				ENABLE_NS_ASSERTIONS = NO;
				ENABLE_STRICT_OBJC_MSGSEND = YES;
				GCC_C_LANGUAGE_STANDARD = gnu11;
				GCC_NO_COMMON_BLOCKS = YES;
				GCC_WARN_64_TO_32_BIT_CONVERSION = YES;
				GCC_WARN_ABOUT_RETURN_TYPE = YES_ERROR;
				GCC_WARN_UNDECLARED_SELECTOR = YES;
				GCC_WARN_UNINITIALIZED_AUTOS = YES_AGGRESSIVE;
				GCC_WARN_UNUSED_FUNCTION = YES;
				GCC_WARN_UNUSED_VARIABLE = YES;
				IPHONEOS_DEPLOYMENT_TARGET = 16.4;
				MTL_ENABLE_DEBUG_INFO = NO;
				MTL_FAST_MATH = YES;
				SDKROOT = iphoneos;
				SWIFT_COMPILATION_MODE = wholemodule;
				SWIFT_OPTIMIZATION_LEVEL = "-O";
				VALIDATE_PRODUCT = YES;
			};
			name = Release;
		};
		D6EEC3142A849BCA00DA751C /* Debug */ = {
			isa = XCBuildConfiguration;
			buildSettings = {
				ASSETCATALOG_COMPILER_APPICON_NAME = AppIcon;
				ASSETCATALOG_COMPILER_GLOBAL_ACCENT_COLOR_NAME = AccentColor;
				CODE_SIGN_STYLE = Automatic;
				CURRENT_PROJECT_VERSION = 1;
				DEVELOPMENT_TEAM = RVJX7CVR56;
				GENERATE_INFOPLIST_FILE = YES;
				INFOPLIST_FILE = ToDoProject/Info.plist;
				INFOPLIST_KEY_UIApplicationSupportsIndirectInputEvents = YES;
				INFOPLIST_KEY_UILaunchStoryboardName = LaunchScreen;
				INFOPLIST_KEY_UISupportedInterfaceOrientations_iPad = "UIInterfaceOrientationPortrait UIInterfaceOrientationPortraitUpsideDown UIInterfaceOrientationLandscapeLeft UIInterfaceOrientationLandscapeRight";
				INFOPLIST_KEY_UISupportedInterfaceOrientations_iPhone = "UIInterfaceOrientationPortrait UIInterfaceOrientationLandscapeLeft UIInterfaceOrientationLandscapeRight";
				IPHONEOS_DEPLOYMENT_TARGET = 16.0;
				LD_RUNPATH_SEARCH_PATHS = (
					"$(inherited)",
					"@executable_path/Frameworks",
				);
				MARKETING_VERSION = 1.0;
				PRODUCT_BUNDLE_IDENTIFIER = com.woojun.lee.ToDoProject;
				PRODUCT_NAME = "$(TARGET_NAME)";
				SWIFT_EMIT_LOC_STRINGS = YES;
				SWIFT_VERSION = 5.0;
				TARGETED_DEVICE_FAMILY = "1,2";
			};
			name = Debug;
		};
		D6EEC3152A849BCA00DA751C /* Release */ = {
			isa = XCBuildConfiguration;
			buildSettings = {
				ASSETCATALOG_COMPILER_APPICON_NAME = AppIcon;
				ASSETCATALOG_COMPILER_GLOBAL_ACCENT_COLOR_NAME = AccentColor;
				CODE_SIGN_STYLE = Automatic;
				CURRENT_PROJECT_VERSION = 1;
				DEVELOPMENT_TEAM = RVJX7CVR56;
				GENERATE_INFOPLIST_FILE = YES;
				INFOPLIST_FILE = ToDoProject/Info.plist;
				INFOPLIST_KEY_UIApplicationSupportsIndirectInputEvents = YES;
				INFOPLIST_KEY_UILaunchStoryboardName = LaunchScreen;
				INFOPLIST_KEY_UISupportedInterfaceOrientations_iPad = "UIInterfaceOrientationPortrait UIInterfaceOrientationPortraitUpsideDown UIInterfaceOrientationLandscapeLeft UIInterfaceOrientationLandscapeRight";
				INFOPLIST_KEY_UISupportedInterfaceOrientations_iPhone = "UIInterfaceOrientationPortrait UIInterfaceOrientationLandscapeLeft UIInterfaceOrientationLandscapeRight";
				IPHONEOS_DEPLOYMENT_TARGET = 16.0;
				LD_RUNPATH_SEARCH_PATHS = (
					"$(inherited)",
					"@executable_path/Frameworks",
				);
				MARKETING_VERSION = 1.0;
				PRODUCT_BUNDLE_IDENTIFIER = com.woojun.lee.ToDoProject;
				PRODUCT_NAME = "$(TARGET_NAME)";
				SWIFT_EMIT_LOC_STRINGS = YES;
				SWIFT_VERSION = 5.0;
				TARGETED_DEVICE_FAMILY = "1,2";
			};
			name = Release;
		};
/* End XCBuildConfiguration section */

/* Begin XCConfigurationList section */
		D6EEC2FA2A849BC800DA751C /* Build configuration list for PBXProject "ToDoProject" */ = {
			isa = XCConfigurationList;
			buildConfigurations = (
				D6EEC3112A849BCA00DA751C /* Debug */,
				D6EEC3122A849BCA00DA751C /* Release */,
			);
			defaultConfigurationIsVisible = 0;
			defaultConfigurationName = Release;
		};
		D6EEC3132A849BCA00DA751C /* Build configuration list for PBXNativeTarget "ToDoProject" */ = {
			isa = XCConfigurationList;
			buildConfigurations = (
				D6EEC3142A849BCA00DA751C /* Debug */,
				D6EEC3152A849BCA00DA751C /* Release */,
			);
			defaultConfigurationIsVisible = 0;
			defaultConfigurationName = Release;
		};
/* End XCConfigurationList section */
	};
	rootObject = D6EEC2F72A849BC800DA751C /* Project object */;
}
